
Microsoft Visual Studio Solution File, Format Version 12.00
# Visual Studio Version 17
VisualStudioVersion = 17.9.34714.143
MinimumVisualStudioVersion = 10.0.40219.1
Project("{8BC9CEB8-8B4A-11D0-8D11-00A0C91BC942}") = "ex1", "ex1\ex1.vcxproj", "{50EBB52C-4264-44E2-AFC7-E4F126229B5F}"
EndProject
Project("{8BC9CEB8-8B4A-11D0-8D11-00A0C91BC942}") = "ex2", "ex2\ex2.vcxproj", "{85FE3BC5-FBCC-4807-811E-52F7C7501FED}"
EndProject
Project("{8BC9CEB8-8B4A-11D0-8D11-00A0C91BC942}") = "ex3", "ex3\ex3.vcxproj", "{074483E9-8165-4D2F-9F9F-212A29664B6E}"
EndProject
Project("{8BC9CEB8-8B4A-11D0-8D11-00A0C91BC942}") = "ex4", "ex4\ex4.vcxproj", "{8E6B4F7B-8DD8-43E5-9385-097546C55F5D}"
EndProject
Project("{8BC9CEB8-8B4A-11D0-8D11-00A0C91BC942}") = "ex5", "ex5\ex5.vcxproj", "{10639DCE-496C-4481-97FD-A61CCA256A73}"
EndProject
Project("{8BC9CEB8-8B4A-11D0-8D11-00A0C91BC942}") = "ex6", "ex6\ex6.vcxproj", "{5B9A7D02-3F28-4A75-A73D-DFC35E749030}"
EndProject
Project("{8BC9CEB8-8B4A-11D0-8D11-00A0C91BC942}") = "ex7", "ex7\ex7.vcxproj", "{5C72D2AC-A198-4702-8334-D6A7DFAC8F1B}"
EndProject
Project("{8BC9CEB8-8B4A-11D0-8D11-00A0C91BC942}") = "ex8", "ex8\ex8.vcxproj", "{96FE1A0C-F30D-43D1-A424-07A7A621A3EA}"
EndProject
Project("{8BC9CEB8-8B4A-11D0-8D11-00A0C91BC942}") = "ex9", "ex9\ex9.vcxproj", "{9B2E2907-3010-4287-B3F1-E7597C9F67D1}"
EndProject
Project("{8BC9CEB8-8B4A-11D0-8D11-00A0C91BC942}") = "ex10", "ex10\ex10.vcxproj", "{76DE0178-5D5E-4D0C-AFB1-27EC7BBEF512}"
EndProject
Global
	GlobalSection(SolutionConfigurationPlatforms) = preSolution
		Debug|x64 = Debug|x64
		Debug|x86 = Debug|x86
		Release|x64 = Release|x64
		Release|x86 = Release|x86
	EndGlobalSection
	GlobalSection(ProjectConfigurationPlatforms) = postSolution
		{50EBB52C-4264-44E2-AFC7-E4F126229B5F}.Debug|x64.ActiveCfg = Debug|x64
		{50EBB52C-4264-44E2-AFC7-E4F126229B5F}.Debug|x64.Build.0 = Debug|x64
		{50EBB52C-4264-44E2-AFC7-E4F126229B5F}.Debug|x86.ActiveCfg = Debug|Win32
		{50EBB52C-4264-44E2-AFC7-E4F126229B5F}.Debug|x86.Build.0 = Debug|Win32
		{50EBB52C-4264-44E2-AFC7-E4F126229B5F}.Release|x64.ActiveCfg = Release|x64
		{50EBB52C-4264-44E2-AFC7-E4F126229B5F}.Release|x64.Build.0 = Release|x64
		{50EBB52C-4264-44E2-AFC7-E4F126229B5F}.Release|x86.ActiveCfg = Release|Win32
		{50EBB52C-4264-44E2-AFC7-E4F126229B5F}.Release|x86.Build.0 = Release|Win32
		{85FE3BC5-FBCC-4807-811E-52F7C7501FED}.Debug|x64.ActiveCfg = Debug|x64
		{85FE3BC5-FBCC-4807-811E-52F7C7501FED}.Debug|x64.Build.0 = Debug|x64
		{85FE3BC5-FBCC-4807-811E-52F7C7501FED}.Debug|x86.ActiveCfg = Debug|Win32
		{85FE3BC5-FBCC-4807-811E-52F7C7501FED}.Debug|x86.Build.0 = Debug|Win32
		{85FE3BC5-FBCC-4807-811E-52F7C7501FED}.Release|x64.ActiveCfg = Release|x64
		{85FE3BC5-FBCC-4807-811E-52F7C7501FED}.Release|x64.Build.0 = Release|x64
		{85FE3BC5-FBCC-4807-811E-52F7C7501FED}.Release|x86.ActiveCfg = Release|Win32
		{85FE3BC5-FBCC-4807-811E-52F7C7501FED}.Release|x86.Build.0 = Release|Win32
		{074483E9-8165-4D2F-9F9F-212A29664B6E}.Debug|x64.ActiveCfg = Debug|x64
		{074483E9-8165-4D2F-9F9F-212A29664B6E}.Debug|x64.Build.0 = Debug|x64
		{074483E9-8165-4D2F-9F9F-212A29664B6E}.Debug|x86.ActiveCfg = Debug|Win32
		{074483E9-8165-4D2F-9F9F-212A29664B6E}.Debug|x86.Build.0 = Debug|Win32
		{074483E9-8165-4D2F-9F9F-212A29664B6E}.Release|x64.ActiveCfg = Release|x64
		{074483E9-8165-4D2F-9F9F-212A29664B6E}.Release|x64.Build.0 = Release|x64
		{074483E9-8165-4D2F-9F9F-212A29664B6E}.Release|x86.ActiveCfg = Release|Win32
		{074483E9-8165-4D2F-9F9F-212A29664B6E}.Release|x86.Build.0 = Release|Win32
		{8E6B4F7B-8DD8-43E5-9385-097546C55F5D}.Debug|x64.ActiveCfg = Debug|x64
		{8E6B4F7B-8DD8-43E5-9385-097546C55F5D}.Debug|x64.Build.0 = Debug|x64
		{8E6B4F7B-8DD8-43E5-9385-097546C55F5D}.Debug|x86.ActiveCfg = Debug|Win32
		{8E6B4F7B-8DD8-43E5-9385-097546C55F5D}.Debug|x86.Build.0 = Debug|Win32
		{8E6B4F7B-8DD8-43E5-9385-097546C55F5D}.Release|x64.ActiveCfg = Release|x64
		{8E6B4F7B-8DD8-43E5-9385-097546C55F5D}.Release|x64.Build.0 = Release|x64
		{8E6B4F7B-8DD8-43E5-9385-097546C55F5D}.Release|x86.ActiveCfg = Release|Win32
		{8E6B4F7B-8DD8-43E5-9385-097546C55F5D}.Release|x86.Build.0 = Release|Win32
		{10639DCE-496C-4481-97FD-A61CCA256A73}.Debug|x64.ActiveCfg = Debug|x64
		{10639DCE-496C-4481-97FD-A61CCA256A73}.Debug|x64.Build.0 = Debug|x64
		{10639DCE-496C-4481-97FD-A61CCA256A73}.Debug|x86.ActiveCfg = Debug|Win32
		{10639DCE-496C-4481-97FD-A61CCA256A73}.Debug|x86.Build.0 = Debug|Win32
		{10639DCE-496C-4481-97FD-A61CCA256A73}.Release|x64.ActiveCfg = Release|x64
		{10639DCE-496C-4481-97FD-A61CCA256A73}.Release|x64.Build.0 = Release|x64
		{10639DCE-496C-4481-97FD-A61CCA256A73}.Release|x86.ActiveCfg = Release|Win32
		{10639DCE-496C-4481-97FD-A61CCA256A73}.Release|x86.Build.0 = Release|Win32
		{5B9A7D02-3F28-4A75-A73D-DFC35E749030}.Debug|x64.ActiveCfg = Debug|x64
		{5B9A7D02-3F28-4A75-A73D-DFC35E749030}.Debug|x64.Build.0 = Debug|x64
		{5B9A7D02-3F28-4A75-A73D-DFC35E749030}.Debug|x86.ActiveCfg = Debug|Win32
		{5B9A7D02-3F28-4A75-A73D-DFC35E749030}.Debug|x86.Build.0 = Debug|Win32
		{5B9A7D02-3F28-4A75-A73D-DFC35E749030}.Release|x64.ActiveCfg = Release|x64
		{5B9A7D02-3F28-4A75-A73D-DFC35E749030}.Release|x64.Build.0 = Release|x64
		{5B9A7D02-3F28-4A75-A73D-DFC35E749030}.Release|x86.ActiveCfg = Release|Win32
		{5B9A7D02-3F28-4A75-A73D-DFC35E749030}.Release|x86.Build.0 = Release|Win32
		{5C72D2AC-A198-4702-8334-D6A7DFAC8F1B}.Debug|x64.ActiveCfg = Debug|x64
		{5C72D2AC-A198-4702-8334-D6A7DFAC8F1B}.Debug|x64.Build.0 = Debug|x64
		{5C72D2AC-A198-4702-8334-D6A7DFAC8F1B}.Debug|x86.ActiveCfg = Debug|Win32
		{5C72D2AC-A198-4702-8334-D6A7DFAC8F1B}.Debug|x86.Build.0 = Debug|Win32
		{5C72D2AC-A198-4702-8334-D6A7DFAC8F1B}.Release|x64.ActiveCfg = Release|x64
		{5C72D2AC-A198-4702-8334-D6A7DFAC8F1B}.Release|x64.Build.0 = Release|x64
		{5C72D2AC-A198-4702-8334-D6A7DFAC8F1B}.Release|x86.ActiveCfg = Release|Win32
		{5C72D2AC-A198-4702-8334-D6A7DFAC8F1B}.Release|x86.Build.0 = Release|Win32
		{96FE1A0C-F30D-43D1-A424-07A7A621A3EA}.Debug|x64.ActiveCfg = Debug|x64
		{96FE1A0C-F30D-43D1-A424-07A7A621A3EA}.Debug|x64.Build.0 = Debug|x64
		{96FE1A0C-F30D-43D1-A424-07A7A621A3EA}.Debug|x86.ActiveCfg = Debug|Win32
		{96FE1A0C-F30D-43D1-A424-07A7A621A3EA}.Debug|x86.Build.0 = Debug|Win32
		{96FE1A0C-F30D-43D1-A424-07A7A621A3EA}.Release|x64.ActiveCfg = Release|x64
		{96FE1A0C-F30D-43D1-A424-07A7A621A3EA}.Release|x64.Build.0 = Release|x64
		{96FE1A0C-F30D-43D1-A424-07A7A621A3EA}.Release|x86.ActiveCfg = Release|Win32
		{96FE1A0C-F30D-43D1-A424-07A7A621A3EA}.Release|x86.Build.0 = Release|Win32
		{9B2E2907-3010-4287-B3F1-E7597C9F67D1}.Debug|x64.ActiveCfg = Debug|x64
		{9B2E2907-3010-4287-B3F1-E7597C9F67D1}.Debug|x64.Build.0 = Debug|x64
		{9B2E2907-3010-4287-B3F1-E7597C9F67D1}.Debug|x86.ActiveCfg = Debug|Win32
		{9B2E2907-3010-4287-B3F1-E7597C9F67D1}.Debug|x86.Build.0 = Debug|Win32
		{9B2E2907-3010-4287-B3F1-E7597C9F67D1}.Release|x64.ActiveCfg = Release|x64
		{9B2E2907-3010-4287-B3F1-E7597C9F67D1}.Release|x64.Build.0 = Release|x64
		{9B2E2907-3010-4287-B3F1-E7597C9F67D1}.Release|x86.ActiveCfg = Release|Win32
		{9B2E2907-3010-4287-B3F1-E7597C9F67D1}.Release|x86.Build.0 = Release|Win32
		{76DE0178-5D5E-4D0C-AFB1-27EC7BBEF512}.Debug|x64.ActiveCfg = Debug|x64
		{76DE0178-5D5E-4D0C-AFB1-27EC7BBEF512}.Debug|x64.Build.0 = Debug|x64
		{76DE0178-5D5E-4D0C-AFB1-27EC7BBEF512}.Debug|x86.ActiveCfg = Debug|Win32
		{76DE0178-5D5E-4D0C-AFB1-27EC7BBEF512}.Debug|x86.Build.0 = Debug|Win32
		{76DE0178-5D5E-4D0C-AFB1-27EC7BBEF512}.Release|x64.ActiveCfg = Release|x64
		{76DE0178-5D5E-4D0C-AFB1-27EC7BBEF512}.Release|x64.Build.0 = Release|x64
		{76DE0178-5D5E-4D0C-AFB1-27EC7BBEF512}.Release|x86.ActiveCfg = Release|Win32
		{76DE0178-5D5E-4D0C-AFB1-27EC7BBEF512}.Release|x86.Build.0 = Release|Win32
	EndGlobalSection
	GlobalSection(SolutionProperties) = preSolution
		HideSolutionNode = FALSE
	EndGlobalSection
	GlobalSection(ExtensibilityGlobals) = postSolution
		SolutionGuid = {6B7E66B4-7B8D-4E70-A2F2-41414E6C330B}
	EndGlobalSection
EndGlobal
