
Microsoft Visual Studio Solution File, Format Version 12.00
# Visual Studio Version 17
VisualStudioVersion = 17.9.34714.143
MinimumVisualStudioVersion = 10.0.40219.1
Project("{8BC9CEB8-8B4A-11D0-8D11-00A0C91BC942}") = "ex1", "ex1\ex1.vcxproj", "{1560DF8A-8B16-4DE9-B049-391D654113CE}"
EndProject
Project("{8BC9CEB8-8B4A-11D0-8D11-00A0C91BC942}") = "ex2", "ex2\ex2.vcxproj", "{DE8E6AE6-99AB-4136-8802-EC8515B59605}"
EndProject
Project("{8BC9CEB8-8B4A-11D0-8D11-00A0C91BC942}") = "ex3", "ex3\ex3.vcxproj", "{3E647C31-08B0-4558-8B99-3AB86E62271F}"
EndProject
Project("{8BC9CEB8-8B4A-11D0-8D11-00A0C91BC942}") = "ex4", "ex4\ex4.vcxproj", "{F0DC0B35-7A67-4DB8-9AB3-DEE30CAEA644}"
EndProject
Project("{8BC9CEB8-8B4A-11D0-8D11-00A0C91BC942}") = "ex5", "ex5\ex5.vcxproj", "{58BB758B-6CDF-4D1D-814B-33E088770F50}"
EndProject
Project("{8BC9CEB8-8B4A-11D0-8D11-00A0C91BC942}") = "ex6", "ex6\ex6.vcxproj", "{3F85E9C7-47AA-4567-B9AC-B681D7B04A7F}"
EndProject
Project("{8BC9CEB8-8B4A-11D0-8D11-00A0C91BC942}") = "ex7", "ex7\ex7.vcxproj", "{7C2FA432-3B07-41B4-9FF7-8DBA618A0C16}"
EndProject
Project("{8BC9CEB8-8B4A-11D0-8D11-00A0C91BC942}") = "ex8", "ex8\ex8.vcxproj", "{6FCE7DF3-FC6D-4357-BB92-4FDD33A495A0}"
EndProject
Project("{8BC9CEB8-8B4A-11D0-8D11-00A0C91BC942}") = "ex9", "ex9\ex9.vcxproj", "{0ECA26F5-3C2D-42DD-B1B8-D8B6E1E71D3C}"
EndProject
Project("{8BC9CEB8-8B4A-11D0-8D11-00A0C91BC942}") = "ex10", "ex10\ex10.vcxproj", "{DFA0A391-F526-429F-B9EC-6EDB15F6B882}"
EndProject
Project("{8BC9CEB8-8B4A-11D0-8D11-00A0C91BC942}") = "ex11", "ex11\ex11.vcxproj", "{0DB31222-17B0-418B-90FF-615C06F68252}"
EndProject
Project("{8BC9CEB8-8B4A-11D0-8D11-00A0C91BC942}") = "ex12", "ex12\ex12.vcxproj", "{C111711E-86FC-417A-9D8F-E180FAA0DB3D}"
EndProject
Global
	GlobalSection(SolutionConfigurationPlatforms) = preSolution
		Debug|x64 = Debug|x64
		Debug|x86 = Debug|x86
		Release|x64 = Release|x64
		Release|x86 = Release|x86
	EndGlobalSection
	GlobalSection(ProjectConfigurationPlatforms) = postSolution
		{1560DF8A-8B16-4DE9-B049-391D654113CE}.Debug|x64.ActiveCfg = Debug|x64
		{1560DF8A-8B16-4DE9-B049-391D654113CE}.Debug|x64.Build.0 = Debug|x64
		{1560DF8A-8B16-4DE9-B049-391D654113CE}.Debug|x86.ActiveCfg = Debug|Win32
		{1560DF8A-8B16-4DE9-B049-391D654113CE}.Debug|x86.Build.0 = Debug|Win32
		{1560DF8A-8B16-4DE9-B049-391D654113CE}.Release|x64.ActiveCfg = Release|x64
		{1560DF8A-8B16-4DE9-B049-391D654113CE}.Release|x64.Build.0 = Release|x64
		{1560DF8A-8B16-4DE9-B049-391D654113CE}.Release|x86.ActiveCfg = Release|Win32
		{1560DF8A-8B16-4DE9-B049-391D654113CE}.Release|x86.Build.0 = Release|Win32
		{DE8E6AE6-99AB-4136-8802-EC8515B59605}.Debug|x64.ActiveCfg = Debug|x64
		{DE8E6AE6-99AB-4136-8802-EC8515B59605}.Debug|x64.Build.0 = Debug|x64
		{DE8E6AE6-99AB-4136-8802-EC8515B59605}.Debug|x86.ActiveCfg = Debug|Win32
		{DE8E6AE6-99AB-4136-8802-EC8515B59605}.Debug|x86.Build.0 = Debug|Win32
		{DE8E6AE6-99AB-4136-8802-EC8515B59605}.Release|x64.ActiveCfg = Release|x64
		{DE8E6AE6-99AB-4136-8802-EC8515B59605}.Release|x64.Build.0 = Release|x64
		{DE8E6AE6-99AB-4136-8802-EC8515B59605}.Release|x86.ActiveCfg = Release|Win32
		{DE8E6AE6-99AB-4136-8802-EC8515B59605}.Release|x86.Build.0 = Release|Win32
		{3E647C31-08B0-4558-8B99-3AB86E62271F}.Debug|x64.ActiveCfg = Debug|x64
		{3E647C31-08B0-4558-8B99-3AB86E62271F}.Debug|x64.Build.0 = Debug|x64
		{3E647C31-08B0-4558-8B99-3AB86E62271F}.Debug|x86.ActiveCfg = Debug|Win32
		{3E647C31-08B0-4558-8B99-3AB86E62271F}.Debug|x86.Build.0 = Debug|Win32
		{3E647C31-08B0-4558-8B99-3AB86E62271F}.Release|x64.ActiveCfg = Release|x64
		{3E647C31-08B0-4558-8B99-3AB86E62271F}.Release|x64.Build.0 = Release|x64
		{3E647C31-08B0-4558-8B99-3AB86E62271F}.Release|x86.ActiveCfg = Release|Win32
		{3E647C31-08B0-4558-8B99-3AB86E62271F}.Release|x86.Build.0 = Release|Win32
		{F0DC0B35-7A67-4DB8-9AB3-DEE30CAEA644}.Debug|x64.ActiveCfg = Debug|x64
		{F0DC0B35-7A67-4DB8-9AB3-DEE30CAEA644}.Debug|x64.Build.0 = Debug|x64
		{F0DC0B35-7A67-4DB8-9AB3-DEE30CAEA644}.Debug|x86.ActiveCfg = Debug|Win32
		{F0DC0B35-7A67-4DB8-9AB3-DEE30CAEA644}.Debug|x86.Build.0 = Debug|Win32
		{F0DC0B35-7A67-4DB8-9AB3-DEE30CAEA644}.Release|x64.ActiveCfg = Release|x64
		{F0DC0B35-7A67-4DB8-9AB3-DEE30CAEA644}.Release|x64.Build.0 = Release|x64
		{F0DC0B35-7A67-4DB8-9AB3-DEE30CAEA644}.Release|x86.ActiveCfg = Release|Win32
		{F0DC0B35-7A67-4DB8-9AB3-DEE30CAEA644}.Release|x86.Build.0 = Release|Win32
		{58BB758B-6CDF-4D1D-814B-33E088770F50}.Debug|x64.ActiveCfg = Debug|x64
		{58BB758B-6CDF-4D1D-814B-33E088770F50}.Debug|x64.Build.0 = Debug|x64
		{58BB758B-6CDF-4D1D-814B-33E088770F50}.Debug|x86.ActiveCfg = Debug|Win32
		{58BB758B-6CDF-4D1D-814B-33E088770F50}.Debug|x86.Build.0 = Debug|Win32
		{58BB758B-6CDF-4D1D-814B-33E088770F50}.Release|x64.ActiveCfg = Release|x64
		{58BB758B-6CDF-4D1D-814B-33E088770F50}.Release|x64.Build.0 = Release|x64
		{58BB758B-6CDF-4D1D-814B-33E088770F50}.Release|x86.ActiveCfg = Release|Win32
		{58BB758B-6CDF-4D1D-814B-33E088770F50}.Release|x86.Build.0 = Release|Win32
		{3F85E9C7-47AA-4567-B9AC-B681D7B04A7F}.Debug|x64.ActiveCfg = Debug|x64
		{3F85E9C7-47AA-4567-B9AC-B681D7B04A7F}.Debug|x64.Build.0 = Debug|x64
		{3F85E9C7-47AA-4567-B9AC-B681D7B04A7F}.Debug|x86.ActiveCfg = Debug|Win32
		{3F85E9C7-47AA-4567-B9AC-B681D7B04A7F}.Debug|x86.Build.0 = Debug|Win32
		{3F85E9C7-47AA-4567-B9AC-B681D7B04A7F}.Release|x64.ActiveCfg = Release|x64
		{3F85E9C7-47AA-4567-B9AC-B681D7B04A7F}.Release|x64.Build.0 = Release|x64
		{3F85E9C7-47AA-4567-B9AC-B681D7B04A7F}.Release|x86.ActiveCfg = Release|Win32
		{3F85E9C7-47AA-4567-B9AC-B681D7B04A7F}.Release|x86.Build.0 = Release|Win32
		{7C2FA432-3B07-41B4-9FF7-8DBA618A0C16}.Debug|x64.ActiveCfg = Debug|x64
		{7C2FA432-3B07-41B4-9FF7-8DBA618A0C16}.Debug|x64.Build.0 = Debug|x64
		{7C2FA432-3B07-41B4-9FF7-8DBA618A0C16}.Debug|x86.ActiveCfg = Debug|Win32
		{7C2FA432-3B07-41B4-9FF7-8DBA618A0C16}.Debug|x86.Build.0 = Debug|Win32
		{7C2FA432-3B07-41B4-9FF7-8DBA618A0C16}.Release|x64.ActiveCfg = Release|x64
		{7C2FA432-3B07-41B4-9FF7-8DBA618A0C16}.Release|x64.Build.0 = Release|x64
		{7C2FA432-3B07-41B4-9FF7-8DBA618A0C16}.Release|x86.ActiveCfg = Release|Win32
		{7C2FA432-3B07-41B4-9FF7-8DBA618A0C16}.Release|x86.Build.0 = Release|Win32
		{6FCE7DF3-FC6D-4357-BB92-4FDD33A495A0}.Debug|x64.ActiveCfg = Debug|x64
		{6FCE7DF3-FC6D-4357-BB92-4FDD33A495A0}.Debug|x64.Build.0 = Debug|x64
		{6FCE7DF3-FC6D-4357-BB92-4FDD33A495A0}.Debug|x86.ActiveCfg = Debug|Win32
		{6FCE7DF3-FC6D-4357-BB92-4FDD33A495A0}.Debug|x86.Build.0 = Debug|Win32
		{6FCE7DF3-FC6D-4357-BB92-4FDD33A495A0}.Release|x64.ActiveCfg = Release|x64
		{6FCE7DF3-FC6D-4357-BB92-4FDD33A495A0}.Release|x64.Build.0 = Release|x64
		{6FCE7DF3-FC6D-4357-BB92-4FDD33A495A0}.Release|x86.ActiveCfg = Release|Win32
		{6FCE7DF3-FC6D-4357-BB92-4FDD33A495A0}.Release|x86.Build.0 = Release|Win32
		{0ECA26F5-3C2D-42DD-B1B8-D8B6E1E71D3C}.Debug|x64.ActiveCfg = Debug|x64
		{0ECA26F5-3C2D-42DD-B1B8-D8B6E1E71D3C}.Debug|x64.Build.0 = Debug|x64
		{0ECA26F5-3C2D-42DD-B1B8-D8B6E1E71D3C}.Debug|x86.ActiveCfg = Debug|Win32
		{0ECA26F5-3C2D-42DD-B1B8-D8B6E1E71D3C}.Debug|x86.Build.0 = Debug|Win32
		{0ECA26F5-3C2D-42DD-B1B8-D8B6E1E71D3C}.Release|x64.ActiveCfg = Release|x64
		{0ECA26F5-3C2D-42DD-B1B8-D8B6E1E71D3C}.Release|x64.Build.0 = Release|x64
		{0ECA26F5-3C2D-42DD-B1B8-D8B6E1E71D3C}.Release|x86.ActiveCfg = Release|Win32
		{0ECA26F5-3C2D-42DD-B1B8-D8B6E1E71D3C}.Release|x86.Build.0 = Release|Win32
		{DFA0A391-F526-429F-B9EC-6EDB15F6B882}.Debug|x64.ActiveCfg = Debug|x64
		{DFA0A391-F526-429F-B9EC-6EDB15F6B882}.Debug|x64.Build.0 = Debug|x64
		{DFA0A391-F526-429F-B9EC-6EDB15F6B882}.Debug|x86.ActiveCfg = Debug|Win32
		{DFA0A391-F526-429F-B9EC-6EDB15F6B882}.Debug|x86.Build.0 = Debug|Win32
		{DFA0A391-F526-429F-B9EC-6EDB15F6B882}.Release|x64.ActiveCfg = Release|x64
		{DFA0A391-F526-429F-B9EC-6EDB15F6B882}.Release|x64.Build.0 = Release|x64
		{DFA0A391-F526-429F-B9EC-6EDB15F6B882}.Release|x86.ActiveCfg = Release|Win32
		{DFA0A391-F526-429F-B9EC-6EDB15F6B882}.Release|x86.Build.0 = Release|Win32
		{0DB31222-17B0-418B-90FF-615C06F68252}.Debug|x64.ActiveCfg = Debug|x64
		{0DB31222-17B0-418B-90FF-615C06F68252}.Debug|x64.Build.0 = Debug|x64
		{0DB31222-17B0-418B-90FF-615C06F68252}.Debug|x86.ActiveCfg = Debug|Win32
		{0DB31222-17B0-418B-90FF-615C06F68252}.Debug|x86.Build.0 = Debug|Win32
		{0DB31222-17B0-418B-90FF-615C06F68252}.Release|x64.ActiveCfg = Release|x64
		{0DB31222-17B0-418B-90FF-615C06F68252}.Release|x64.Build.0 = Release|x64
		{0DB31222-17B0-418B-90FF-615C06F68252}.Release|x86.ActiveCfg = Release|Win32
		{0DB31222-17B0-418B-90FF-615C06F68252}.Release|x86.Build.0 = Release|Win32
		{C111711E-86FC-417A-9D8F-E180FAA0DB3D}.Debug|x64.ActiveCfg = Debug|x64
		{C111711E-86FC-417A-9D8F-E180FAA0DB3D}.Debug|x64.Build.0 = Debug|x64
		{C111711E-86FC-417A-9D8F-E180FAA0DB3D}.Debug|x86.ActiveCfg = Debug|Win32
		{C111711E-86FC-417A-9D8F-E180FAA0DB3D}.Debug|x86.Build.0 = Debug|Win32
		{C111711E-86FC-417A-9D8F-E180FAA0DB3D}.Release|x64.ActiveCfg = Release|x64
		{C111711E-86FC-417A-9D8F-E180FAA0DB3D}.Release|x64.Build.0 = Release|x64
		{C111711E-86FC-417A-9D8F-E180FAA0DB3D}.Release|x86.ActiveCfg = Release|Win32
		{C111711E-86FC-417A-9D8F-E180FAA0DB3D}.Release|x86.Build.0 = Release|Win32
	EndGlobalSection
	GlobalSection(SolutionProperties) = preSolution
		HideSolutionNode = FALSE
	EndGlobalSection
	GlobalSection(ExtensibilityGlobals) = postSolution
		SolutionGuid = {2799BBB7-8EF0-4F3B-907F-6FA8A596B778}
	EndGlobalSection
EndGlobal
